// !$*UTF8*$!
{
	archiveVersion = 1;
	classes = {
	};
	objectVersion = 51;
	objects = {

/* Begin PBXBuildFile section */
		120A8D5D25475381002A12CA /* CameraViewController.swift in Sources */ = {isa = PBXBuildFile; fileRef = 120A8D5C25475381002A12CA /* CameraViewController.swift */; };
		12AB964925473B42006A6181 /* AppDelegate.swift in Sources */ = {isa = PBXBuildFile; fileRef = 12AB964825473B42006A6181 /* AppDelegate.swift */; };
		12AB964B25473B42006A6181 /* SceneDelegate.swift in Sources */ = {isa = PBXBuildFile; fileRef = 12AB964A25473B42006A6181 /* SceneDelegate.swift */; };
		12AB965025473B42006A6181 /* Main.storyboard in Resources */ = {isa = PBXBuildFile; fileRef = 12AB964E25473B42006A6181 /* Main.storyboard */; };
		12AB965225473B49006A6181 /* Assets.xcassets in Resources */ = {isa = PBXBuildFile; fileRef = 12AB965125473B49006A6181 /* Assets.xcassets */; };
		12AB965525473B49006A6181 /* LaunchScreen.storyboard in Resources */ = {isa = PBXBuildFile; fileRef = 12AB965325473B49006A6181 /* LaunchScreen.storyboard */; };
		12AB966025473B4A006A6181 /* InstagramTests.swift in Sources */ = {isa = PBXBuildFile; fileRef = 12AB965F25473B4A006A6181 /* InstagramTests.swift */; };
		12AB966B25473B4A006A6181 /* InstagramUITests.swift in Sources */ = {isa = PBXBuildFile; fileRef = 12AB966A25473B4A006A6181 /* InstagramUITests.swift */; };
		12AB968C254747B5006A6181 /* LoginViewController.swift in Sources */ = {isa = PBXBuildFile; fileRef = 12AB968B254747B5006A6181 /* LoginViewController.swift */; };
		12AB9691254747C9006A6181 /* FeedViewController.swift in Sources */ = {isa = PBXBuildFile; fileRef = 12AB9690254747C9006A6181 /* FeedViewController.swift */; };
		12F545662547648200CFC844 /* PostCell.swift in Sources */ = {isa = PBXBuildFile; fileRef = 12F545652547648200CFC844 /* PostCell.swift */; };
		192F25B64E7ED5ECC0A3D56A /* Pods_InstagramTests.framework in Frameworks */ = {isa = PBXBuildFile; fileRef = D348599684E7C2F452E1D000 /* Pods_InstagramTests.framework */; };
		8CDA4D94CA9EAEB809FE05D8 /* Pods_Instagram.framework in Frameworks */ = {isa = PBXBuildFile; fileRef = 2444D2E81A289A74DF047254 /* Pods_Instagram.framework */; };
		FEEC455152E56B90A33C719D /* Pods_Instagram_InstagramUITests.framework in Frameworks */ = {isa = PBXBuildFile; fileRef = 95653211C05125FE6BCB69BA /* Pods_Instagram_InstagramUITests.framework */; };
/* End PBXBuildFile section */

/* Begin PBXContainerItemProxy section */
		12AB965C25473B4A006A6181 /* PBXContainerItemProxy */ = {
			isa = PBXContainerItemProxy;
			containerPortal = 12AB963D25473B42006A6181 /* Project object */;
			proxyType = 1;
			remoteGlobalIDString = 12AB964425473B42006A6181;
			remoteInfo = Instagram;
		};
		12AB966725473B4A006A6181 /* PBXContainerItemProxy */ = {
			isa = PBXContainerItemProxy;
			containerPortal = 12AB963D25473B42006A6181 /* Project object */;
			proxyType = 1;
			remoteGlobalIDString = 12AB964425473B42006A6181;
			remoteInfo = Instagram;
		};
/* End PBXContainerItemProxy section */

/* Begin PBXFileReference section */
		120A8D5C25475381002A12CA /* CameraViewController.swift */ = {isa = PBXFileReference; lastKnownFileType = sourcecode.swift; path = CameraViewController.swift; sourceTree = "<group>"; };
		12AB964525473B42006A6181 /* Instagram.app */ = {isa = PBXFileReference; explicitFileType = wrapper.application; includeInIndex = 0; path = Instagram.app; sourceTree = BUILT_PRODUCTS_DIR; };
		12AB964825473B42006A6181 /* AppDelegate.swift */ = {isa = PBXFileReference; lastKnownFileType = sourcecode.swift; path = AppDelegate.swift; sourceTree = "<group>"; };
		12AB964A25473B42006A6181 /* SceneDelegate.swift */ = {isa = PBXFileReference; lastKnownFileType = sourcecode.swift; path = SceneDelegate.swift; sourceTree = "<group>"; };
		12AB964F25473B42006A6181 /* Base */ = {isa = PBXFileReference; lastKnownFileType = file.storyboard; name = Base; path = Base.lproj/Main.storyboard; sourceTree = "<group>"; };
		12AB965125473B49006A6181 /* Assets.xcassets */ = {isa = PBXFileReference; lastKnownFileType = folder.assetcatalog; path = Assets.xcassets; sourceTree = "<group>"; };
		12AB965425473B49006A6181 /* Base */ = {isa = PBXFileReference; lastKnownFileType = file.storyboard; name = Base; path = Base.lproj/LaunchScreen.storyboard; sourceTree = "<group>"; };
		12AB965625473B49006A6181 /* Info.plist */ = {isa = PBXFileReference; lastKnownFileType = text.plist.xml; path = Info.plist; sourceTree = "<group>"; };
		12AB965B25473B4A006A6181 /* InstagramTests.xctest */ = {isa = PBXFileReference; explicitFileType = wrapper.cfbundle; includeInIndex = 0; path = InstagramTests.xctest; sourceTree = BUILT_PRODUCTS_DIR; };
		12AB965F25473B4A006A6181 /* InstagramTests.swift */ = {isa = PBXFileReference; lastKnownFileType = sourcecode.swift; path = InstagramTests.swift; sourceTree = "<group>"; };
		12AB966125473B4A006A6181 /* Info.plist */ = {isa = PBXFileReference; lastKnownFileType = text.plist.xml; path = Info.plist; sourceTree = "<group>"; };
		12AB966625473B4A006A6181 /* InstagramUITests.xctest */ = {isa = PBXFileReference; explicitFileType = wrapper.cfbundle; includeInIndex = 0; path = InstagramUITests.xctest; sourceTree = BUILT_PRODUCTS_DIR; };
		12AB966A25473B4A006A6181 /* InstagramUITests.swift */ = {isa = PBXFileReference; lastKnownFileType = sourcecode.swift; path = InstagramUITests.swift; sourceTree = "<group>"; };
		12AB966C25473B4A006A6181 /* Info.plist */ = {isa = PBXFileReference; lastKnownFileType = text.plist.xml; path = Info.plist; sourceTree = "<group>"; };
		12AB968B254747B5006A6181 /* LoginViewController.swift */ = {isa = PBXFileReference; lastKnownFileType = sourcecode.swift; path = LoginViewController.swift; sourceTree = "<group>"; };
		12AB9690254747C9006A6181 /* FeedViewController.swift */ = {isa = PBXFileReference; lastKnownFileType = sourcecode.swift; path = FeedViewController.swift; sourceTree = "<group>"; };
		12F545652547648200CFC844 /* PostCell.swift */ = {isa = PBXFileReference; lastKnownFileType = sourcecode.swift; path = PostCell.swift; sourceTree = "<group>"; };
		2444D2E81A289A74DF047254 /* Pods_Instagram.framework */ = {isa = PBXFileReference; explicitFileType = wrapper.framework; includeInIndex = 0; path = Pods_Instagram.framework; sourceTree = BUILT_PRODUCTS_DIR; };
		6B7055184ACA63CB4DF4C40F /* Pods-Instagram-InstagramUITests.release.xcconfig */ = {isa = PBXFileReference; includeInIndex = 1; lastKnownFileType = text.xcconfig; name = "Pods-Instagram-InstagramUITests.release.xcconfig"; path = "Target Support Files/Pods-Instagram-InstagramUITests/Pods-Instagram-InstagramUITests.release.xcconfig"; sourceTree = "<group>"; };
		95653211C05125FE6BCB69BA /* Pods_Instagram_InstagramUITests.framework */ = {isa = PBXFileReference; explicitFileType = wrapper.framework; includeInIndex = 0; path = Pods_Instagram_InstagramUITests.framework; sourceTree = BUILT_PRODUCTS_DIR; };
		A638C58DEB5884F229A00305 /* Pods-InstagramTests.release.xcconfig */ = {isa = PBXFileReference; includeInIndex = 1; lastKnownFileType = text.xcconfig; name = "Pods-InstagramTests.release.xcconfig"; path = "Target Support Files/Pods-InstagramTests/Pods-InstagramTests.release.xcconfig"; sourceTree = "<group>"; };
		A8370BF9BA881B34D1D72E1C /* Pods-Instagram-InstagramUITests.debug.xcconfig */ = {isa = PBXFileReference; includeInIndex = 1; lastKnownFileType = text.xcconfig; name = "Pods-Instagram-InstagramUITests.debug.xcconfig"; path = "Target Support Files/Pods-Instagram-InstagramUITests/Pods-Instagram-InstagramUITests.debug.xcconfig"; sourceTree = "<group>"; };
		ABD6AB0DF82685EB66F86CE1 /* Pods-InstagramTests.debug.xcconfig */ = {isa = PBXFileReference; includeInIndex = 1; lastKnownFileType = text.xcconfig; name = "Pods-InstagramTests.debug.xcconfig"; path = "Target Support Files/Pods-InstagramTests/Pods-InstagramTests.debug.xcconfig"; sourceTree = "<group>"; };
		C0987A85960603BBEC5F32BE /* Pods-Instagram.debug.xcconfig */ = {isa = PBXFileReference; includeInIndex = 1; lastKnownFileType = text.xcconfig; name = "Pods-Instagram.debug.xcconfig"; path = "Target Support Files/Pods-Instagram/Pods-Instagram.debug.xcconfig"; sourceTree = "<group>"; };
		C56CD315BFC2433BF39FD52A /* Pods-Instagram.release.xcconfig */ = {isa = PBXFileReference; includeInIndex = 1; lastKnownFileType = text.xcconfig; name = "Pods-Instagram.release.xcconfig"; path = "Target Support Files/Pods-Instagram/Pods-Instagram.release.xcconfig"; sourceTree = "<group>"; };
		D348599684E7C2F452E1D000 /* Pods_InstagramTests.framework */ = {isa = PBXFileReference; explicitFileType = wrapper.framework; includeInIndex = 0; path = Pods_InstagramTests.framework; sourceTree = BUILT_PRODUCTS_DIR; };
/* End PBXFileReference section */

/* Begin PBXFrameworksBuildPhase section */
		12AB964225473B42006A6181 /* Frameworks */ = {
			isa = PBXFrameworksBuildPhase;
			buildActionMask = 2147483647;
			files = (
				8CDA4D94CA9EAEB809FE05D8 /* Pods_Instagram.framework in Frameworks */,
			);
			runOnlyForDeploymentPostprocessing = 0;
		};
		12AB965825473B4A006A6181 /* Frameworks */ = {
			isa = PBXFrameworksBuildPhase;
			buildActionMask = 2147483647;
			files = (
				192F25B64E7ED5ECC0A3D56A /* Pods_InstagramTests.framework in Frameworks */,
			);
			runOnlyForDeploymentPostprocessing = 0;
		};
		12AB966325473B4A006A6181 /* Frameworks */ = {
			isa = PBXFrameworksBuildPhase;
			buildActionMask = 2147483647;
			files = (
				FEEC455152E56B90A33C719D /* Pods_Instagram_InstagramUITests.framework in Frameworks */,
			);
			runOnlyForDeploymentPostprocessing = 0;
		};
/* End PBXFrameworksBuildPhase section */

/* Begin PBXGroup section */
		04C4B1D496D423460E498669 /* Frameworks */ = {
			isa = PBXGroup;
			children = (
				2444D2E81A289A74DF047254 /* Pods_Instagram.framework */,
				95653211C05125FE6BCB69BA /* Pods_Instagram_InstagramUITests.framework */,
				D348599684E7C2F452E1D000 /* Pods_InstagramTests.framework */,
			);
			name = Frameworks;
			sourceTree = "<group>";
		};
		12AB963C25473B42006A6181 = {
			isa = PBXGroup;
			children = (
				12AB964725473B42006A6181 /* Instagram */,
				12AB965E25473B4A006A6181 /* InstagramTests */,
				12AB966925473B4A006A6181 /* InstagramUITests */,
				12AB964625473B42006A6181 /* Products */,
				8D7E62DB4CF77D8213317258 /* Pods */,
				04C4B1D496D423460E498669 /* Frameworks */,
			);
			sourceTree = "<group>";
		};
		12AB964625473B42006A6181 /* Products */ = {
			isa = PBXGroup;
			children = (
				12AB964525473B42006A6181 /* Instagram.app */,
				12AB965B25473B4A006A6181 /* InstagramTests.xctest */,
				12AB966625473B4A006A6181 /* InstagramUITests.xctest */,
			);
			name = Products;
			sourceTree = "<group>";
		};
		12AB964725473B42006A6181 /* Instagram */ = {
			isa = PBXGroup;
			children = (
				12AB964825473B42006A6181 /* AppDelegate.swift */,
				12AB964A25473B42006A6181 /* SceneDelegate.swift */,
				12AB964E25473B42006A6181 /* Main.storyboard */,
				12AB965125473B49006A6181 /* Assets.xcassets */,
				12AB965325473B49006A6181 /* LaunchScreen.storyboard */,
				12AB965625473B49006A6181 /* Info.plist */,
				12AB968B254747B5006A6181 /* LoginViewController.swift */,
				12AB9690254747C9006A6181 /* FeedViewController.swift */,
				120A8D5C25475381002A12CA /* CameraViewController.swift */,
				12F545652547648200CFC844 /* PostCell.swift */,
			);
			path = Instagram;
			sourceTree = "<group>";
		};
		12AB965E25473B4A006A6181 /* InstagramTests */ = {
			isa = PBXGroup;
			children = (
				12AB965F25473B4A006A6181 /* InstagramTests.swift */,
				12AB966125473B4A006A6181 /* Info.plist */,
			);
			path = InstagramTests;
			sourceTree = "<group>";
		};
		12AB966925473B4A006A6181 /* InstagramUITests */ = {
			isa = PBXGroup;
			children = (
				12AB966A25473B4A006A6181 /* InstagramUITests.swift */,
				12AB966C25473B4A006A6181 /* Info.plist */,
			);
			path = InstagramUITests;
			sourceTree = "<group>";
		};
		8D7E62DB4CF77D8213317258 /* Pods */ = {
			isa = PBXGroup;
			children = (
				C0987A85960603BBEC5F32BE /* Pods-Instagram.debug.xcconfig */,
				C56CD315BFC2433BF39FD52A /* Pods-Instagram.release.xcconfig */,
				A8370BF9BA881B34D1D72E1C /* Pods-Instagram-InstagramUITests.debug.xcconfig */,
				6B7055184ACA63CB4DF4C40F /* Pods-Instagram-InstagramUITests.release.xcconfig */,
				ABD6AB0DF82685EB66F86CE1 /* Pods-InstagramTests.debug.xcconfig */,
				A638C58DEB5884F229A00305 /* Pods-InstagramTests.release.xcconfig */,
			);
			path = Pods;
			sourceTree = "<group>";
		};
/* End PBXGroup section */

/* Begin PBXNativeTarget section */
		12AB964425473B42006A6181 /* Instagram */ = {
			isa = PBXNativeTarget;
			buildConfigurationList = 12AB966F25473B4A006A6181 /* Build configuration list for PBXNativeTarget "Instagram" */;
			buildPhases = (
				0D8EC40724C7436FB9A14DA8 /* [CP] Check Pods Manifest.lock */,
				12AB964125473B42006A6181 /* Sources */,
				12AB964225473B42006A6181 /* Frameworks */,
				12AB964325473B42006A6181 /* Resources */,
				484FAAF1C8F94775B9115284 /* [CP] Embed Pods Frameworks */,
			);
			buildRules = (
			);
			dependencies = (
			);
			name = Instagram;
			productName = Instagram;
			productReference = 12AB964525473B42006A6181 /* Instagram.app */;
			productType = "com.apple.product-type.application";
		};
		12AB965A25473B4A006A6181 /* InstagramTests */ = {
			isa = PBXNativeTarget;
			buildConfigurationList = 12AB967225473B4A006A6181 /* Build configuration list for PBXNativeTarget "InstagramTests" */;
			buildPhases = (
				14F9C25149B0972334EB9DAF /* [CP] Check Pods Manifest.lock */,
				12AB965725473B4A006A6181 /* Sources */,
				12AB965825473B4A006A6181 /* Frameworks */,
				12AB965925473B4A006A6181 /* Resources */,
			);
			buildRules = (
			);
			dependencies = (
				12AB965D25473B4A006A6181 /* PBXTargetDependency */,
			);
			name = InstagramTests;
			productName = InstagramTests;
			productReference = 12AB965B25473B4A006A6181 /* InstagramTests.xctest */;
			productType = "com.apple.product-type.bundle.unit-test";
		};
		12AB966525473B4A006A6181 /* InstagramUITests */ = {
			isa = PBXNativeTarget;
			buildConfigurationList = 12AB967525473B4A006A6181 /* Build configuration list for PBXNativeTarget "InstagramUITests" */;
			buildPhases = (
				5D3F9A0C1FD739D14E65CFA7 /* [CP] Check Pods Manifest.lock */,
				12AB966225473B4A006A6181 /* Sources */,
				12AB966325473B4A006A6181 /* Frameworks */,
				12AB966425473B4A006A6181 /* Resources */,
				47CCFB387A4276FF1FCB8025 /* [CP] Embed Pods Frameworks */,
			);
			buildRules = (
			);
			dependencies = (
				12AB966825473B4A006A6181 /* PBXTargetDependency */,
			);
			name = InstagramUITests;
			productName = InstagramUITests;
			productReference = 12AB966625473B4A006A6181 /* InstagramUITests.xctest */;
			productType = "com.apple.product-type.bundle.ui-testing";
		};
/* End PBXNativeTarget section */

/* Begin PBXProject section */
		12AB963D25473B42006A6181 /* Project object */ = {
			isa = PBXProject;
			attributes = {
				LastSwiftUpdateCheck = 1220;
				LastUpgradeCheck = 1220;
				TargetAttributes = {
					12AB964425473B42006A6181 = {
						CreatedOnToolsVersion = 12.2;
					};
					12AB965A25473B4A006A6181 = {
						CreatedOnToolsVersion = 12.2;
						TestTargetID = 12AB964425473B42006A6181;
					};
					12AB966525473B4A006A6181 = {
						CreatedOnToolsVersion = 12.2;
						TestTargetID = 12AB964425473B42006A6181;
					};
				};
			};
			buildConfigurationList = 12AB964025473B42006A6181 /* Build configuration list for PBXProject "Instagram" */;
			compatibilityVersion = "Xcode 9.3";
			developmentRegion = en;
			hasScannedForEncodings = 0;
			knownRegions = (
				en,
				Base,
			);
			mainGroup = 12AB963C25473B42006A6181;
			productRefGroup = 12AB964625473B42006A6181 /* Products */;
			projectDirPath = "";
			projectRoot = "";
			targets = (
				12AB964425473B42006A6181 /* Instagram */,
				12AB965A25473B4A006A6181 /* InstagramTests */,
				12AB966525473B4A006A6181 /* InstagramUITests */,
			);
		};
/* End PBXProject section */

/* Begin PBXResourcesBuildPhase section */
		12AB964325473B42006A6181 /* Resources */ = {
			isa = PBXResourcesBuildPhase;
			buildActionMask = 2147483647;
			files = (
				12AB965525473B49006A6181 /* LaunchScreen.storyboard in Resources */,
				12AB965225473B49006A6181 /* Assets.xcassets in Resources */,
				12AB965025473B42006A6181 /* Main.storyboard in Resources */,
			);
			runOnlyForDeploymentPostprocessing = 0;
		};
		12AB965925473B4A006A6181 /* Resources */ = {
			isa = PBXResourcesBuildPhase;
			buildActionMask = 2147483647;
			files = (
			);
			runOnlyForDeploymentPostprocessing = 0;
		};
		12AB966425473B4A006A6181 /* Resources */ = {
			isa = PBXResourcesBuildPhase;
			buildActionMask = 2147483647;
			files = (
			);
			runOnlyForDeploymentPostprocessing = 0;
		};
/* End PBXResourcesBuildPhase section */

/* Begin PBXShellScriptBuildPhase section */
		0D8EC40724C7436FB9A14DA8 /* [CP] Check Pods Manifest.lock */ = {
			isa = PBXShellScriptBuildPhase;
			buildActionMask = 2147483647;
			files = (
			);
			inputFileListPaths = (
			);
			inputPaths = (
				"${PODS_PODFILE_DIR_PATH}/Podfile.lock",
				"${PODS_ROOT}/Manifest.lock",
			);
			name = "[CP] Check Pods Manifest.lock";
			outputFileListPaths = (
			);
			outputPaths = (
				"$(DERIVED_FILE_DIR)/Pods-Instagram-checkManifestLockResult.txt",
			);
			runOnlyForDeploymentPostprocessing = 0;
			shellPath = /bin/sh;
			shellScript = "diff \"${PODS_PODFILE_DIR_PATH}/Podfile.lock\" \"${PODS_ROOT}/Manifest.lock\" > /dev/null\nif [ $? != 0 ] ; then\n    # print error to STDERR\n    echo \"error: The sandbox is not in sync with the Podfile.lock. Run 'pod install' or update your CocoaPods installation.\" >&2\n    exit 1\nfi\n# This output is used by Xcode 'outputs' to avoid re-running this script phase.\necho \"SUCCESS\" > \"${SCRIPT_OUTPUT_FILE_0}\"\n";
			showEnvVarsInLog = 0;
		};
		14F9C25149B0972334EB9DAF /* [CP] Check Pods Manifest.lock */ = {
			isa = PBXShellScriptBuildPhase;
			buildActionMask = 2147483647;
			files = (
			);
			inputFileListPaths = (
			);
			inputPaths = (
				"${PODS_PODFILE_DIR_PATH}/Podfile.lock",
				"${PODS_ROOT}/Manifest.lock",
			);
			name = "[CP] Check Pods Manifest.lock";
			outputFileListPaths = (
			);
			outputPaths = (
				"$(DERIVED_FILE_DIR)/Pods-InstagramTests-checkManifestLockResult.txt",
			);
			runOnlyForDeploymentPostprocessing = 0;
			shellPath = /bin/sh;
			shellScript = "diff \"${PODS_PODFILE_DIR_PATH}/Podfile.lock\" \"${PODS_ROOT}/Manifest.lock\" > /dev/null\nif [ $? != 0 ] ; then\n    # print error to STDERR\n    echo \"error: The sandbox is not in sync with the Podfile.lock. Run 'pod install' or update your CocoaPods installation.\" >&2\n    exit 1\nfi\n# This output is used by Xcode 'outputs' to avoid re-running this script phase.\necho \"SUCCESS\" > \"${SCRIPT_OUTPUT_FILE_0}\"\n";
			showEnvVarsInLog = 0;
		};
		47CCFB387A4276FF1FCB8025 /* [CP] Embed Pods Frameworks */ = {
			isa = PBXShellScriptBuildPhase;
			buildActionMask = 2147483647;
			files = (
			);
			inputFileListPaths = (
				"${PODS_ROOT}/Target Support Files/Pods-Instagram-InstagramUITests/Pods-Instagram-InstagramUITests-frameworks-${CONFIGURATION}-input-files.xcfilelist",
			);
			name = "[CP] Embed Pods Frameworks";
			outputFileListPaths = (
				"${PODS_ROOT}/Target Support Files/Pods-Instagram-InstagramUITests/Pods-Instagram-InstagramUITests-frameworks-${CONFIGURATION}-output-files.xcfilelist",
			);
			runOnlyForDeploymentPostprocessing = 0;
			shellPath = /bin/sh;
			shellScript = "\"${PODS_ROOT}/Target Support Files/Pods-Instagram-InstagramUITests/Pods-Instagram-InstagramUITests-frameworks.sh\"\n";
			showEnvVarsInLog = 0;
		};
		484FAAF1C8F94775B9115284 /* [CP] Embed Pods Frameworks */ = {
			isa = PBXShellScriptBuildPhase;
			buildActionMask = 2147483647;
			files = (
			);
			inputFileListPaths = (
				"${PODS_ROOT}/Target Support Files/Pods-Instagram/Pods-Instagram-frameworks-${CONFIGURATION}-input-files.xcfilelist",
			);
			name = "[CP] Embed Pods Frameworks";
			outputFileListPaths = (
				"${PODS_ROOT}/Target Support Files/Pods-Instagram/Pods-Instagram-frameworks-${CONFIGURATION}-output-files.xcfilelist",
			);
			runOnlyForDeploymentPostprocessing = 0;
			shellPath = /bin/sh;
			shellScript = "\"${PODS_ROOT}/Target Support Files/Pods-Instagram/Pods-Instagram-frameworks.sh\"\n";
			showEnvVarsInLog = 0;
		};
		5D3F9A0C1FD739D14E65CFA7 /* [CP] Check Pods Manifest.lock */ = {
			isa = PBXShellScriptBuildPhase;
			buildActionMask = 2147483647;
			files = (
			);
			inputFileListPaths = (
			);
			inputPaths = (
				"${PODS_PODFILE_DIR_PATH}/Podfile.lock",
				"${PODS_ROOT}/Manifest.lock",
			);
			name = "[CP] Check Pods Manifest.lock";
			outputFileListPaths = (
			);
			outputPaths = (
				"$(DERIVED_FILE_DIR)/Pods-Instagram-InstagramUITests-checkManifestLockResult.txt",
			);
			runOnlyForDeploymentPostprocessing = 0;
			shellPath = /bin/sh;
			shellScript = "diff \"${PODS_PODFILE_DIR_PATH}/Podfile.lock\" \"${PODS_ROOT}/Manifest.lock\" > /dev/null\nif [ $? != 0 ] ; then\n    # print error to STDERR\n    echo \"error: The sandbox is not in sync with the Podfile.lock. Run 'pod install' or update your CocoaPods installation.\" >&2\n    exit 1\nfi\n# This output is used by Xcode 'outputs' to avoid re-running this script phase.\necho \"SUCCESS\" > \"${SCRIPT_OUTPUT_FILE_0}\"\n";
			showEnvVarsInLog = 0;
		};
/* End PBXShellScriptBuildPhase section */

/* Begin PBXSourcesBuildPhase section */
		12AB964125473B42006A6181 /* Sources */ = {
			isa = PBXSourcesBuildPhase;
			buildActionMask = 2147483647;
			files = (
				12AB968C254747B5006A6181 /* LoginViewController.swift in Sources */,
				120A8D5D25475381002A12CA /* CameraViewController.swift in Sources */,
				12AB964925473B42006A6181 /* AppDelegate.swift in Sources */,
				12AB9691254747C9006A6181 /* FeedViewController.swift in Sources */,
				12AB964B25473B42006A6181 /* SceneDelegate.swift in Sources */,
				12F545662547648200CFC844 /* PostCell.swift in Sources */,
			);
			runOnlyForDeploymentPostprocessing = 0;
		};
		12AB965725473B4A006A6181 /* Sources */ = {
			isa = PBXSourcesBuildPhase;
			buildActionMask = 2147483647;
			files = (
				12AB966025473B4A006A6181 /* InstagramTests.swift in Sources */,
			);
			runOnlyForDeploymentPostprocessing = 0;
		};
		12AB966225473B4A006A6181 /* Sources */ = {
			isa = PBXSourcesBuildPhase;
			buildActionMask = 2147483647;
			files = (
				12AB966B25473B4A006A6181 /* InstagramUITests.swift in Sources */,
			);
			runOnlyForDeploymentPostprocessing = 0;
		};
/* End PBXSourcesBuildPhase section */

/* Begin PBXTargetDependency section */
		12AB965D25473B4A006A6181 /* PBXTargetDependency */ = {
			isa = PBXTargetDependency;
			target = 12AB964425473B42006A6181 /* Instagram */;
			targetProxy = 12AB965C25473B4A006A6181 /* PBXContainerItemProxy */;
		};
		12AB966825473B4A006A6181 /* PBXTargetDependency */ = {
			isa = PBXTargetDependency;
			target = 12AB964425473B42006A6181 /* Instagram */;
			targetProxy = 12AB966725473B4A006A6181 /* PBXContainerItemProxy */;
		};
/* End PBXTargetDependency section */

/* Begin PBXVariantGroup section */
		12AB964E25473B42006A6181 /* Main.storyboard */ = {
			isa = PBXVariantGroup;
			children = (
				12AB964F25473B42006A6181 /* Base */,
			);
			name = Main.storyboard;
			sourceTree = "<group>";
		};
		12AB965325473B49006A6181 /* LaunchScreen.storyboard */ = {
			isa = PBXVariantGroup;
			children = (
				12AB965425473B49006A6181 /* Base */,
			);
			name = LaunchScreen.storyboard;
			sourceTree = "<group>";
		};
/* End PBXVariantGroup section */

/* Begin XCBuildConfiguration section */
		12AB966D25473B4A006A6181 /* Debug */ = {
			isa = XCBuildConfiguration;
			buildSettings = {
				ALWAYS_SEARCH_USER_PATHS = NO;
				CLANG_ANALYZER_NONNULL = YES;
				CLANG_ANALYZER_NUMBER_OBJECT_CONVERSION = YES_AGGRESSIVE;
				CLANG_CXX_LANGUAGE_STANDARD = "gnu++14";
				CLANG_CXX_LIBRARY = "libc++";
				CLANG_ENABLE_MODULES = YES;
				CLANG_ENABLE_OBJC_ARC = YES;
				CLANG_ENABLE_OBJC_WEAK = YES;
				CLANG_WARN_BLOCK_CAPTURE_AUTORELEASING = YES;
				CLANG_WARN_BOOL_CONVERSION = YES;
				CLANG_WARN_COMMA = YES;
				CLANG_WARN_CONSTANT_CONVERSION = YES;
				CLANG_WARN_DEPRECATED_OBJC_IMPLEMENTATIONS = YES;
				CLANG_WARN_DIRECT_OBJC_ISA_USAGE = YES_ERROR;
				CLANG_WARN_DOCUMENTATION_COMMENTS = YES;
				CLANG_WARN_EMPTY_BODY = YES;
				CLANG_WARN_ENUM_CONVERSION = YES;
				CLANG_WARN_INFINITE_RECURSION = YES;
				CLANG_WARN_INT_CONVERSION = YES;
				CLANG_WARN_NON_LITERAL_NULL_CONVERSION = YES;
				CLANG_WARN_OBJC_IMPLICIT_RETAIN_SELF = YES;
				CLANG_WARN_OBJC_LITERAL_CONVERSION = YES;
				CLANG_WARN_OBJC_ROOT_CLASS = YES_ERROR;
				CLANG_WARN_QUOTED_INCLUDE_IN_FRAMEWORK_HEADER = YES;
				CLANG_WARN_RANGE_LOOP_ANALYSIS = YES;
				CLANG_WARN_STRICT_PROTOTYPES = YES;
				CLANG_WARN_SUSPICIOUS_MOVE = YES;
				CLANG_WARN_UNGUARDED_AVAILABILITY = YES_AGGRESSIVE;
				CLANG_WARN_UNREACHABLE_CODE = YES;
				CLANG_WARN__DUPLICATE_METHOD_MATCH = YES;
				COPY_PHASE_STRIP = NO;
				DEBUG_INFORMATION_FORMAT = dwarf;
				ENABLE_STRICT_OBJC_MSGSEND = YES;
				ENABLE_TESTABILITY = YES;
				GCC_C_LANGUAGE_STANDARD = gnu11;
				GCC_DYNAMIC_NO_PIC = NO;
				GCC_NO_COMMON_BLOCKS = YES;
				GCC_OPTIMIZATION_LEVEL = 0;
				GCC_PREPROCESSOR_DEFINITIONS = (
					"DEBUG=1",
					"$(inherited)",
				);
				GCC_WARN_64_TO_32_BIT_CONVERSION = YES;
				GCC_WARN_ABOUT_RETURN_TYPE = YES_ERROR;
				GCC_WARN_UNDECLARED_SELECTOR = YES;
				GCC_WARN_UNINITIALIZED_AUTOS = YES_AGGRESSIVE;
				GCC_WARN_UNUSED_FUNCTION = YES;
				GCC_WARN_UNUSED_VARIABLE = YES;
				IPHONEOS_DEPLOYMENT_TARGET = 14.2;
				MTL_ENABLE_DEBUG_INFO = INCLUDE_SOURCE;
				MTL_FAST_MATH = YES;
				ONLY_ACTIVE_ARCH = YES;
				SDKROOT = iphoneos;
				SWIFT_ACTIVE_COMPILATION_CONDITIONS = DEBUG;
				SWIFT_OPTIMIZATION_LEVEL = "-Onone";
			};
			name = Debug;
		};
		12AB966E25473B4A006A6181 /* Release */ = {
			isa = XCBuildConfiguration;
			buildSettings = {
				ALWAYS_SEARCH_USER_PATHS = NO;
				CLANG_ANALYZER_NONNULL = YES;
				CLANG_ANALYZER_NUMBER_OBJECT_CONVERSION = YES_AGGRESSIVE;
				CLANG_CXX_LANGUAGE_STANDARD = "gnu++14";
				CLANG_CXX_LIBRARY = "libc++";
				CLANG_ENABLE_MODULES = YES;
				CLANG_ENABLE_OBJC_ARC = YES;
				CLANG_ENABLE_OBJC_WEAK = YES;
				CLANG_WARN_BLOCK_CAPTURE_AUTORELEASING = YES;
				CLANG_WARN_BOOL_CONVERSION = YES;
				CLANG_WARN_COMMA = YES;
				CLANG_WARN_CONSTANT_CONVERSION = YES;
				CLANG_WARN_DEPRECATED_OBJC_IMPLEMENTATIONS = YES;
				CLANG_WARN_DIRECT_OBJC_ISA_USAGE = YES_ERROR;
				CLANG_WARN_DOCUMENTATION_COMMENTS = YES;
				CLANG_WARN_EMPTY_BODY = YES;
				CLANG_WARN_ENUM_CONVERSION = YES;
				CLANG_WARN_INFINITE_RECURSION = YES;
				CLANG_WARN_INT_CONVERSION = YES;
				CLANG_WARN_NON_LITERAL_NULL_CONVERSION = YES;
				CLANG_WARN_OBJC_IMPLICIT_RETAIN_SELF = YES;
				CLANG_WARN_OBJC_LITERAL_CONVERSION = YES;
				CLANG_WARN_OBJC_ROOT_CLASS = YES_ERROR;
				CLANG_WARN_QUOTED_INCLUDE_IN_FRAMEWORK_HEADER = YES;
				CLANG_WARN_RANGE_LOOP_ANALYSIS = YES;
				CLANG_WARN_STRICT_PROTOTYPES = YES;
				CLANG_WARN_SUSPICIOUS_MOVE = YES;
				CLANG_WARN_UNGUARDED_AVAILABILITY = YES_AGGRESSIVE;
				CLANG_WARN_UNREACHABLE_CODE = YES;
				CLANG_WARN__DUPLICATE_METHOD_MATCH = YES;
				COPY_PHASE_STRIP = NO;
				DEBUG_INFORMATION_FORMAT = "dwarf-with-dsym";
				ENABLE_NS_ASSERTIONS = NO;
				ENABLE_STRICT_OBJC_MSGSEND = YES;
				GCC_C_LANGUAGE_STANDARD = gnu11;
				GCC_NO_COMMON_BLOCKS = YES;
				GCC_WARN_64_TO_32_BIT_CONVERSION = YES;
				GCC_WARN_ABOUT_RETURN_TYPE = YES_ERROR;
				GCC_WARN_UNDECLARED_SELECTOR = YES;
				GCC_WARN_UNINITIALIZED_AUTOS = YES_AGGRESSIVE;
				GCC_WARN_UNUSED_FUNCTION = YES;
				GCC_WARN_UNUSED_VARIABLE = YES;
				IPHONEOS_DEPLOYMENT_TARGET = 14.2;
				MTL_ENABLE_DEBUG_INFO = NO;
				MTL_FAST_MATH = YES;
				SDKROOT = iphoneos;
				SWIFT_COMPILATION_MODE = wholemodule;
				SWIFT_OPTIMIZATION_LEVEL = "-O";
				VALIDATE_PRODUCT = YES;
			};
			name = Release;
		};
		12AB967025473B4A006A6181 /* Debug */ = {
			isa = XCBuildConfiguration;
			baseConfigurationReference = C0987A85960603BBEC5F32BE /* Pods-Instagram.debug.xcconfig */;
			buildSettings = {
				ASSETCATALOG_COMPILER_APPICON_NAME = AppIcon;
				ASSETCATALOG_COMPILER_GLOBAL_ACCENT_COLOR_NAME = AccentColor;
				CODE_SIGN_STYLE = Automatic;
				INFOPLIST_FILE = Instagram/Info.plist;
				LD_RUNPATH_SEARCH_PATHS = (
					"$(inherited)",
					"@executable_path/Frameworks",
				);
				PRODUCT_BUNDLE_IDENTIFIER = codepath.Instagram;
				PRODUCT_NAME = "$(TARGET_NAME)";
				SWIFT_VERSION = 5.0;
				TARGETED_DEVICE_FAMILY = "1,2";
			};
			name = Debug;
		};
		12AB967125473B4A006A6181 /* Release */ = {
			isa = XCBuildConfiguration;
			baseConfigurationReference = C56CD315BFC2433BF39FD52A /* Pods-Instagram.release.xcconfig */;
			buildSettings = {
				ASSETCATALOG_COMPILER_APPICON_NAME = AppIcon;
				ASSETCATALOG_COMPILER_GLOBAL_ACCENT_COLOR_NAME = AccentColor;
				CODE_SIGN_STYLE = Automatic;
				INFOPLIST_FILE = Instagram/Info.plist;
				LD_RUNPATH_SEARCH_PATHS = (
					"$(inherited)",
					"@executable_path/Frameworks",
				);
				PRODUCT_BUNDLE_IDENTIFIER = codepath.Instagram;
				PRODUCT_NAME = "$(TARGET_NAME)";
				SWIFT_VERSION = 5.0;
				TARGETED_DEVICE_FAMILY = "1,2";
			};
			name = Release;
		};
		12AB967325473B4A006A6181 /* Debug */ = {
			isa = XCBuildConfiguration;
			baseConfigurationReference = ABD6AB0DF82685EB66F86CE1 /* Pods-InstagramTests.debug.xcconfig */;
			buildSettings = {
				ALWAYS_EMBED_SWIFT_STANDARD_LIBRARIES = YES;
				BUNDLE_LOADER = "$(TEST_HOST)";
				CODE_SIGN_STYLE = Automatic;
				INFOPLIST_FILE = InstagramTests/Info.plist;
				IPHONEOS_DEPLOYMENT_TARGET = 14.2;
				LD_RUNPATH_SEARCH_PATHS = (
					"$(inherited)",
					"@executable_path/Frameworks",
					"@loader_path/Frameworks",
				);
				PRODUCT_BUNDLE_IDENTIFIER = codepath.InstagramTests;
				PRODUCT_NAME = "$(TARGET_NAME)";
				SWIFT_VERSION = 5.0;
				TARGETED_DEVICE_FAMILY = "1,2";
				TEST_HOST = "$(BUILT_PRODUCTS_DIR)/Instagram.app/Instagram";
			};
			name = Debug;
		};
		12AB967425473B4A006A6181 /* Release */ = {
			isa = XCBuildConfiguration;
			baseConfigurationReference = A638C58DEB5884F229A00305 /* Pods-InstagramTests.release.xcconfig */;
			buildSettings = {
				ALWAYS_EMBED_SWIFT_STANDARD_LIBRARIES = YES;
				BUNDLE_LOADER = "$(TEST_HOST)";
				CODE_SIGN_STYLE = Automatic;
				INFOPLIST_FILE = InstagramTests/Info.plist;
				IPHONEOS_DEPLOYMENT_TARGET = 14.2;
				LD_RUNPATH_SEARCH_PATHS = (
					"$(inherited)",
					"@executable_path/Frameworks",
					"@loader_path/Frameworks",
				);
				PRODUCT_BUNDLE_IDENTIFIER = codepath.InstagramTests;
				PRODUCT_NAME = "$(TARGET_NAME)";
				SWIFT_VERSION = 5.0;
				TARGETED_DEVICE_FAMILY = "1,2";
				TEST_HOST = "$(BUILT_PRODUCTS_DIR)/Instagram.app/Instagram";
			};
			name = Release;
		};
		12AB967625473B4A006A6181 /* Debug */ = {
			isa = XCBuildConfiguration;
			baseConfigurationReference = A8370BF9BA881B34D1D72E1C /* Pods-Instagram-InstagramUITests.debug.xcconfig */;
			buildSettings = {
				ALWAYS_EMBED_SWIFT_STANDARD_LIBRARIES = YES;
				CODE_SIGN_STYLE = Automatic;
				INFOPLIST_FILE = InstagramUITests/Info.plist;
				LD_RUNPATH_SEARCH_PATHS = (
					"$(inherited)",
					"@executable_path/Frameworks",
					"@loader_path/Frameworks",
				);
				PRODUCT_BUNDLE_IDENTIFIER = codepath.InstagramUITests;
				PRODUCT_NAME = "$(TARGET_NAME)";
				SWIFT_VERSION = 5.0;
				TARGETED_DEVICE_FAMILY = "1,2";
				TEST_TARGET_NAME = Instagram;
			};
			name = Debug;
		};
		12AB967725473B4A006A6181 /* Release */ = {
			isa = XCBuildConfiguration;
			baseConfigurationReference = 6B7055184ACA63CB4DF4C40F /* Pods-Instagram-InstagramUITests.release.xcconfig */;
			buildSettings = {
				ALWAYS_EMBED_SWIFT_STANDARD_LIBRARIES = YES;
				CODE_SIGN_STYLE = Automatic;
				INFOPLIST_FILE = InstagramUITests/Info.plist;
				LD_RUNPATH_SEARCH_PATHS = (
					"$(inherited)",
					"@executable_path/Frameworks",
					"@loader_path/Frameworks",
				);
				PRODUCT_BUNDLE_IDENTIFIER = codepath.InstagramUITests;
				PRODUCT_NAME = "$(TARGET_NAME)";
				SWIFT_VERSION = 5.0;
				TARGETED_DEVICE_FAMILY = "1,2";
				TEST_TARGET_NAME = Instagram;
			};
			name = Release;
		};
/* End XCBuildConfiguration section */

/* Begin XCConfigurationList section */
		12AB964025473B42006A6181 /* Build configuration list for PBXProject "Instagram" */ = {
			isa = XCConfigurationList;
			buildConfigurations = (
				12AB966D25473B4A006A6181 /* Debug */,
				12AB966E25473B4A006A6181 /* Release */,
			);
			defaultConfigurationIsVisible = 0;
			defaultConfigurationName = Release;
		};
		12AB966F25473B4A006A6181 /* Build configuration list for PBXNativeTarget "Instagram" */ = {
			isa = XCConfigurationList;
			buildConfigurations = (
				12AB967025473B4A006A6181 /* Debug */,
				12AB967125473B4A006A6181 /* Release */,
			);
			defaultConfigurationIsVisible = 0;
			defaultConfigurationName = Release;
		};
		12AB967225473B4A006A6181 /* Build configuration list for PBXNativeTarget "InstagramTests" */ = {
			isa = XCConfigurationList;
			buildConfigurations = (
				12AB967325473B4A006A6181 /* Debug */,
				12AB967425473B4A006A6181 /* Release */,
			);
			defaultConfigurationIsVisible = 0;
			defaultConfigurationName = Release;
		};
		12AB967525473B4A006A6181 /* Build configuration list for PBXNativeTarget "InstagramUITests" */ = {
			isa = XCConfigurationList;
			buildConfigurations = (
				12AB967625473B4A006A6181 /* Debug */,
				12AB967725473B4A006A6181 /* Release */,
			);
			defaultConfigurationIsVisible = 0;
			defaultConfigurationName = Release;
		};
/* End XCConfigurationList section */
	};
	rootObject = 12AB963D25473B42006A6181 /* Project object */;
}
